
Microsoft Visual Studio Solution File, Format Version 12.00
# Visual Studio Version 16
VisualStudioVersion = 16.0.31424.327
MinimumVisualStudioVersion = 10.0.40219.1
Project("{FAE04EC0-301F-11D3-BF4B-00C04F79EFBC}") = "MediorTest", "MediorTest\MediorTest.csproj", "{3CAB91B8-C9E1-4851-A7EA-3AEC56AA5E00}"
EndProject
Global
	GlobalSection(SolutionConfigurationPlatforms) = preSolution
		Debug|Any CPU = Debug|Any CPU
		Release|Any CPU = Release|Any CPU
	EndGlobalSection
	GlobalSection(ProjectConfigurationPlatforms) = postSolution
		{3CAB91B8-C9E1-4851-A7EA-3AEC56AA5E00}.Debug|Any CPU.ActiveCfg = Debug|Any CPU
		{3CAB91B8-C9E1-4851-A7EA-3AEC56AA5E00}.Debug|Any CPU.Build.0 = Debug|Any CPU
		{3CAB91B8-C9E1-4851-A7EA-3AEC56AA5E00}.Release|Any CPU.ActiveCfg = Release|Any CPU
		{3CAB91B8-C9E1-4851-A7EA-3AEC56AA5E00}.Release|Any CPU.Build.0 = Release|Any CPU
	EndGlobalSection
	GlobalSection(SolutionProperties) = preSolution
		HideSolutionNode = FALSE
	EndGlobalSection
	GlobalSection(ExtensibilityGlobals) = postSolution
		SolutionGuid = {609F6CEF-2D83-487F-96ED-2B033C5B612E}
	EndGlobalSection
EndGlobal
